
Microsoft Visual Studio Solution File, Format Version 12.00
# Visual Studio Version 17
VisualStudioVersion = 17.11.35303.130
MinimumVisualStudioVersion = 10.0.40219.1
Project("{FAE04EC0-301F-11D3-BF4B-00C04F79EFBC}") = "Problema_1", "Semana_2\Problema_1.csproj", "{6D42BAB9-57C3-4751-9C7E-63C6D17BB075}"
EndProject
Project("{FAE04EC0-301F-11D3-BF4B-00C04F79EFBC}") = "Problema_2", "Problema_2\Problema_2.csproj", "{00248B0F-3F8B-4A35-9AC4-A4E99C116B30}"
EndProject
Project("{FAE04EC0-301F-11D3-BF4B-00C04F79EFBC}") = "Problema_3", "Problema_3\Problema_3.csproj", "{5A0A6E9C-59A3-4A70-8D62-E413E0A6390F}"
EndProject
Project("{FAE04EC0-301F-11D3-BF4B-00C04F79EFBC}") = "Problema_4", "Problema_4\Problema_4.csproj", "{5C0C7478-08DF-4A5D-9E8F-2DC5DA8DA987}"
EndProject
Project("{FAE04EC0-301F-11D3-BF4B-00C04F79EFBC}") = "Problema_5", "Problema_5\Problema_5.csproj", "{B71D888F-697D-4C2A-B8A7-6E3EC87F9F5E}"
EndProject
Project("{FAE04EC0-301F-11D3-BF4B-00C04F79EFBC}") = "Problema_6", "Problema_6\Problema_6.csproj", "{9C8A3AF1-25F0-4BA1-8773-18E22E8117ED}"
EndProject
Project("{FAE04EC0-301F-11D3-BF4B-00C04F79EFBC}") = "Problema_7", "Problema_7\Problema_7.csproj", "{68BFE580-80BC-4E43-8B3B-670D51BC3594}"
EndProject
Project("{FAE04EC0-301F-11D3-BF4B-00C04F79EFBC}") = "Problema_8", "Problema_8\Problema_8.csproj", "{4AF0EF2A-E9CC-4E6C-A3D5-C13002103521}"
EndProject
Project("{FAE04EC0-301F-11D3-BF4B-00C04F79EFBC}") = "Problema_9", "Problema_9\Problema_9.csproj", "{5B0278FE-ED86-424A-BF52-ACDCAFC18BB2}"
EndProject
Global
	GlobalSection(SolutionConfigurationPlatforms) = preSolution
		Debug|Any CPU = Debug|Any CPU
		Release|Any CPU = Release|Any CPU
	EndGlobalSection
	GlobalSection(ProjectConfigurationPlatforms) = postSolution
		{6D42BAB9-57C3-4751-9C7E-63C6D17BB075}.Debug|Any CPU.ActiveCfg = Debug|Any CPU
		{6D42BAB9-57C3-4751-9C7E-63C6D17BB075}.Debug|Any CPU.Build.0 = Debug|Any CPU
		{6D42BAB9-57C3-4751-9C7E-63C6D17BB075}.Release|Any CPU.ActiveCfg = Release|Any CPU
		{6D42BAB9-57C3-4751-9C7E-63C6D17BB075}.Release|Any CPU.Build.0 = Release|Any CPU
		{00248B0F-3F8B-4A35-9AC4-A4E99C116B30}.Debug|Any CPU.ActiveCfg = Debug|Any CPU
		{00248B0F-3F8B-4A35-9AC4-A4E99C116B30}.Debug|Any CPU.Build.0 = Debug|Any CPU
		{00248B0F-3F8B-4A35-9AC4-A4E99C116B30}.Release|Any CPU.ActiveCfg = Release|Any CPU
		{00248B0F-3F8B-4A35-9AC4-A4E99C116B30}.Release|Any CPU.Build.0 = Release|Any CPU
		{5A0A6E9C-59A3-4A70-8D62-E413E0A6390F}.Debug|Any CPU.ActiveCfg = Debug|Any CPU
		{5A0A6E9C-59A3-4A70-8D62-E413E0A6390F}.Debug|Any CPU.Build.0 = Debug|Any CPU
		{5A0A6E9C-59A3-4A70-8D62-E413E0A6390F}.Release|Any CPU.ActiveCfg = Release|Any CPU
		{5A0A6E9C-59A3-4A70-8D62-E413E0A6390F}.Release|Any CPU.Build.0 = Release|Any CPU
		{5C0C7478-08DF-4A5D-9E8F-2DC5DA8DA987}.Debug|Any CPU.ActiveCfg = Debug|Any CPU
		{5C0C7478-08DF-4A5D-9E8F-2DC5DA8DA987}.Debug|Any CPU.Build.0 = Debug|Any CPU
		{5C0C7478-08DF-4A5D-9E8F-2DC5DA8DA987}.Release|Any CPU.ActiveCfg = Release|Any CPU
		{5C0C7478-08DF-4A5D-9E8F-2DC5DA8DA987}.Release|Any CPU.Build.0 = Release|Any CPU
		{B71D888F-697D-4C2A-B8A7-6E3EC87F9F5E}.Debug|Any CPU.ActiveCfg = Debug|Any CPU
		{B71D888F-697D-4C2A-B8A7-6E3EC87F9F5E}.Debug|Any CPU.Build.0 = Debug|Any CPU
		{B71D888F-697D-4C2A-B8A7-6E3EC87F9F5E}.Release|Any CPU.ActiveCfg = Release|Any CPU
		{B71D888F-697D-4C2A-B8A7-6E3EC87F9F5E}.Release|Any CPU.Build.0 = Release|Any CPU
		{9C8A3AF1-25F0-4BA1-8773-18E22E8117ED}.Debug|Any CPU.ActiveCfg = Debug|Any CPU
		{9C8A3AF1-25F0-4BA1-8773-18E22E8117ED}.Debug|Any CPU.Build.0 = Debug|Any CPU
		{9C8A3AF1-25F0-4BA1-8773-18E22E8117ED}.Release|Any CPU.ActiveCfg = Release|Any CPU
		{9C8A3AF1-25F0-4BA1-8773-18E22E8117ED}.Release|Any CPU.Build.0 = Release|Any CPU
		{68BFE580-80BC-4E43-8B3B-670D51BC3594}.Debug|Any CPU.ActiveCfg = Debug|Any CPU
		{68BFE580-80BC-4E43-8B3B-670D51BC3594}.Debug|Any CPU.Build.0 = Debug|Any CPU
		{68BFE580-80BC-4E43-8B3B-670D51BC3594}.Release|Any CPU.ActiveCfg = Release|Any CPU
		{68BFE580-80BC-4E43-8B3B-670D51BC3594}.Release|Any CPU.Build.0 = Release|Any CPU
		{4AF0EF2A-E9CC-4E6C-A3D5-C13002103521}.Debug|Any CPU.ActiveCfg = Debug|Any CPU
		{4AF0EF2A-E9CC-4E6C-A3D5-C13002103521}.Debug|Any CPU.Build.0 = Debug|Any CPU
		{4AF0EF2A-E9CC-4E6C-A3D5-C13002103521}.Release|Any CPU.ActiveCfg = Release|Any CPU
		{4AF0EF2A-E9CC-4E6C-A3D5-C13002103521}.Release|Any CPU.Build.0 = Release|Any CPU
		{5B0278FE-ED86-424A-BF52-ACDCAFC18BB2}.Debug|Any CPU.ActiveCfg = Debug|Any CPU
		{5B0278FE-ED86-424A-BF52-ACDCAFC18BB2}.Debug|Any CPU.Build.0 = Debug|Any CPU
		{5B0278FE-ED86-424A-BF52-ACDCAFC18BB2}.Release|Any CPU.ActiveCfg = Release|Any CPU
		{5B0278FE-ED86-424A-BF52-ACDCAFC18BB2}.Release|Any CPU.Build.0 = Release|Any CPU
	EndGlobalSection
	GlobalSection(SolutionProperties) = preSolution
		HideSolutionNode = FALSE
	EndGlobalSection
	GlobalSection(ExtensibilityGlobals) = postSolution
		SolutionGuid = {6B84AE8F-198F-4464-9391-23EF7765EB28}
	EndGlobalSection
EndGlobal
